
Microsoft Visual Studio Solution File, Format Version 12.00
# Visual Studio 15
VisualStudioVersion = 15.0.26124.0
MinimumVisualStudioVersion = 15.0.26124.0
Project("{2150E333-8FDC-42A3-9474-1A3956D46DE8}") = "src", "src", "{FE5ADFCE-B668-46ED-81AE-425AFD793E6B}"
EndProject
Project("{FAE04EC0-301F-11D3-BF4B-00C04F79EFBC}") = "PalTracker", "src\PalTracker\PalTracker.csproj", "{A396B00B-3E18-49A2-AFCF-081BE1726D83}"
EndProject
Project("{2150E333-8FDC-42A3-9474-1A3956D46DE8}") = "test", "test", "{DCCA235E-648F-487F-B03A-DACAE7ED89F7}"
EndProject
Project("{FAE04EC0-301F-11D3-BF4B-00C04F79EFBC}") = "PalTrackerTests", "test\PalTrackerTests\PalTrackerTests.csproj", "{41D21735-3838-4B05-99C1-AC5A3C457805}"
EndProject
Global
	GlobalSection(SolutionConfigurationPlatforms) = preSolution
		Debug|Any CPU = Debug|Any CPU
		Debug|x64 = Debug|x64
		Debug|x86 = Debug|x86
		Release|Any CPU = Release|Any CPU
		Release|x64 = Release|x64
		Release|x86 = Release|x86
	EndGlobalSection
	GlobalSection(SolutionProperties) = preSolution
		HideSolutionNode = FALSE
	EndGlobalSection
	GlobalSection(ProjectConfigurationPlatforms) = postSolution
		{A396B00B-3E18-49A2-AFCF-081BE1726D83}.Debug|Any CPU.ActiveCfg = Debug|Any CPU
		{A396B00B-3E18-49A2-AFCF-081BE1726D83}.Debug|Any CPU.Build.0 = Debug|Any CPU
		{A396B00B-3E18-49A2-AFCF-081BE1726D83}.Debug|x64.ActiveCfg = Debug|Any CPU
		{A396B00B-3E18-49A2-AFCF-081BE1726D83}.Debug|x64.Build.0 = Debug|Any CPU
		{A396B00B-3E18-49A2-AFCF-081BE1726D83}.Debug|x86.ActiveCfg = Debug|Any CPU
		{A396B00B-3E18-49A2-AFCF-081BE1726D83}.Debug|x86.Build.0 = Debug|Any CPU
		{A396B00B-3E18-49A2-AFCF-081BE1726D83}.Release|Any CPU.ActiveCfg = Release|Any CPU
		{A396B00B-3E18-49A2-AFCF-081BE1726D83}.Release|Any CPU.Build.0 = Release|Any CPU
		{A396B00B-3E18-49A2-AFCF-081BE1726D83}.Release|x64.ActiveCfg = Release|Any CPU
		{A396B00B-3E18-49A2-AFCF-081BE1726D83}.Release|x64.Build.0 = Release|Any CPU
		{A396B00B-3E18-49A2-AFCF-081BE1726D83}.Release|x86.ActiveCfg = Release|Any CPU
		{A396B00B-3E18-49A2-AFCF-081BE1726D83}.Release|x86.Build.0 = Release|Any CPU
		{41D21735-3838-4B05-99C1-AC5A3C457805}.Debug|Any CPU.ActiveCfg = Debug|Any CPU
		{41D21735-3838-4B05-99C1-AC5A3C457805}.Debug|Any CPU.Build.0 = Debug|Any CPU
		{41D21735-3838-4B05-99C1-AC5A3C457805}.Debug|x64.ActiveCfg = Debug|Any CPU
		{41D21735-3838-4B05-99C1-AC5A3C457805}.Debug|x64.Build.0 = Debug|Any CPU
		{41D21735-3838-4B05-99C1-AC5A3C457805}.Debug|x86.ActiveCfg = Debug|Any CPU
		{41D21735-3838-4B05-99C1-AC5A3C457805}.Debug|x86.Build.0 = Debug|Any CPU
		{41D21735-3838-4B05-99C1-AC5A3C457805}.Release|Any CPU.ActiveCfg = Release|Any CPU
		{41D21735-3838-4B05-99C1-AC5A3C457805}.Release|Any CPU.Build.0 = Release|Any CPU
		{41D21735-3838-4B05-99C1-AC5A3C457805}.Release|x64.ActiveCfg = Release|Any CPU
		{41D21735-3838-4B05-99C1-AC5A3C457805}.Release|x64.Build.0 = Release|Any CPU
		{41D21735-3838-4B05-99C1-AC5A3C457805}.Release|x86.ActiveCfg = Release|Any CPU
		{41D21735-3838-4B05-99C1-AC5A3C457805}.Release|x86.Build.0 = Release|Any CPU
	EndGlobalSection
	GlobalSection(NestedProjects) = preSolution
		{A396B00B-3E18-49A2-AFCF-081BE1726D83} = {FE5ADFCE-B668-46ED-81AE-425AFD793E6B}
		{41D21735-3838-4B05-99C1-AC5A3C457805} = {DCCA235E-648F-487F-B03A-DACAE7ED89F7}
	EndGlobalSection
EndGlobal
